{
    "version": 3,
    "terraform_version": "0.11.13",
    "serial": 22,
    "lineage": "e92f6e17-fe78-7757-5931-1bdca450c559",
    "modules": [
        {
            "path": [
                "root"
            ],
            "outputs": {},
            "resources": {
                "azurerm_network_interface.MasterNIC": {
                    "type": "azurerm_network_interface",
                    "depends_on": [
                        "azurerm_network_security_group.MyFirstnsg",
                        "azurerm_public_ip.MyFirstPubIp",
                        "azurerm_subnet.MyFirstSubnet"
                    ],
                    "primary": {
                        "id": "/subscriptions/0dcfd83f-ac2a-4783-b92c-c297a2c879e3/resourceGroups/tp-final/providers/Microsoft.Network/networkInterfaces/NIC1",
                        "attributes": {
                            "applied_dns_servers.#": "0",
                            "dns_servers.#": "0",
                            "enable_accelerated_networking": "false",
                            "enable_ip_forwarding": "false",
                            "id": "/subscriptions/0dcfd83f-ac2a-4783-b92c-c297a2c879e3/resourceGroups/tp-final/providers/Microsoft.Network/networkInterfaces/NIC1",
                            "internal_dns_name_label": "",
                            "internal_fqdn": "",
                            "ip_configuration.#": "1",
                            "ip_configuration.0.application_gateway_backend_address_pools_ids.#": "0",
                            "ip_configuration.0.application_security_group_ids.#": "0",
                            "ip_configuration.0.load_balancer_backend_address_pools_ids.#": "0",
                            "ip_configuration.0.load_balancer_inbound_nat_rules_ids.#": "0",
                            "ip_configuration.0.name": "NICconfig1",
                            "ip_configuration.0.primary": "true",
                            "ip_configuration.0.private_ip_address": "10.0.2.5",
                            "ip_configuration.0.private_ip_address_allocation": "dynamic",
                            "ip_configuration.0.private_ip_address_version": "IPv4",
                            "ip_configuration.0.public_ip_address_id": "/subscriptions/0dcfd83f-ac2a-4783-b92c-c297a2c879e3/resourceGroups/tp-final/providers/Microsoft.Network/publicIPAddresses/pubIp1",
                            "ip_configuration.0.subnet_id": "/subscriptions/0dcfd83f-ac2a-4783-b92c-c297a2c879e3/resourceGroups/tp-final/providers/Microsoft.Network/virtualNetworks/PileVnet/subnets/Subnet1",
                            "location": "francecentral",
                            "mac_address": "",
                            "name": "NIC1",
                            "network_security_group_id": "/subscriptions/0dcfd83f-ac2a-4783-b92c-c297a2c879e3/resourceGroups/tp-final/providers/Microsoft.Network/networkSecurityGroups/Nsg1",
                            "private_ip_address": "10.0.2.5",
                            "private_ip_addresses.#": "1",
                            "private_ip_addresses.0": "10.0.2.5",
                            "resource_group_name": "tp-final",
                            "tags.%": "0"
                        },
                        "meta": {},
                        "tainted": false
                    },
                    "deposed": [],
                    "provider": "provider.azurerm"
                },
                "azurerm_network_interface.SlaveNIC": {
                    "type": "azurerm_network_interface",
                    "depends_on": [
                        "azurerm_network_security_group.MyFirstnsg",
                        "azurerm_public_ip.MySecondPubIp",
                        "azurerm_subnet.MyFirstSubnet"
                    ],
                    "primary": {
                        "id": "/subscriptions/0dcfd83f-ac2a-4783-b92c-c297a2c879e3/resourceGroups/tp-final/providers/Microsoft.Network/networkInterfaces/NIC2",
                        "attributes": {
                            "applied_dns_servers.#": "0",
                            "dns_servers.#": "0",
                            "enable_accelerated_networking": "false",
                            "enable_ip_forwarding": "false",
                            "id": "/subscriptions/0dcfd83f-ac2a-4783-b92c-c297a2c879e3/resourceGroups/tp-final/providers/Microsoft.Network/networkInterfaces/NIC2",
                            "internal_dns_name_label": "",
                            "internal_fqdn": "",
                            "ip_configuration.#": "1",
                            "ip_configuration.0.application_gateway_backend_address_pools_ids.#": "0",
                            "ip_configuration.0.application_security_group_ids.#": "0",
                            "ip_configuration.0.load_balancer_backend_address_pools_ids.#": "0",
                            "ip_configuration.0.load_balancer_inbound_nat_rules_ids.#": "0",
                            "ip_configuration.0.name": "NICconfig2",
                            "ip_configuration.0.primary": "true",
                            "ip_configuration.0.private_ip_address": "10.0.2.4",
                            "ip_configuration.0.private_ip_address_allocation": "dynamic",
                            "ip_configuration.0.private_ip_address_version": "IPv4",
                            "ip_configuration.0.public_ip_address_id": "/subscriptions/0dcfd83f-ac2a-4783-b92c-c297a2c879e3/resourceGroups/tp-final/providers/Microsoft.Network/publicIPAddresses/pubIp2",
                            "ip_configuration.0.subnet_id": "/subscriptions/0dcfd83f-ac2a-4783-b92c-c297a2c879e3/resourceGroups/tp-final/providers/Microsoft.Network/virtualNetworks/PileVnet/subnets/Subnet1",
                            "location": "francecentral",
                            "mac_address": "",
                            "name": "NIC2",
                            "network_security_group_id": "/subscriptions/0dcfd83f-ac2a-4783-b92c-c297a2c879e3/resourceGroups/tp-final/providers/Microsoft.Network/networkSecurityGroups/Nsg1",
                            "private_ip_address": "10.0.2.4",
                            "private_ip_addresses.#": "1",
                            "private_ip_addresses.0": "10.0.2.4",
                            "resource_group_name": "tp-final",
                            "tags.%": "0"
                        },
                        "meta": {},
                        "tainted": false
                    },
                    "deposed": [],
                    "provider": "provider.azurerm"
                },
                "azurerm_network_security_group.MyFirstnsg": {
                    "type": "azurerm_network_security_group",
                    "depends_on": [],
                    "primary": {
                        "id": "/subscriptions/0dcfd83f-ac2a-4783-b92c-c297a2c879e3/resourceGroups/tp-final/providers/Microsoft.Network/networkSecurityGroups/Nsg1",
                        "attributes": {
                            "id": "/subscriptions/0dcfd83f-ac2a-4783-b92c-c297a2c879e3/resourceGroups/tp-final/providers/Microsoft.Network/networkSecurityGroups/Nsg1",
                            "location": "francecentral",
                            "name": "Nsg1",
                            "resource_group_name": "tp-final",
                            "security_rule.#": "2",
                            "security_rule.1720334039.access": "Allow",
                            "security_rule.1720334039.description": "",
                            "security_rule.1720334039.destination_address_prefix": "*",
                            "security_rule.1720334039.destination_address_prefixes.#": "0",
                            "security_rule.1720334039.destination_application_security_group_ids.#": "0",
                            "security_rule.1720334039.destination_port_range": "80",
                            "security_rule.1720334039.destination_port_ranges.#": "0",
                            "security_rule.1720334039.direction": "Inbound",
                            "security_rule.1720334039.name": "HTTP",
                            "security_rule.1720334039.priority": "1002",
                            "security_rule.1720334039.protocol": "TCP",
                            "security_rule.1720334039.source_address_prefix": "*",
                            "security_rule.1720334039.source_address_prefixes.#": "0",
                            "security_rule.1720334039.source_application_security_group_ids.#": "0",
                            "security_rule.1720334039.source_port_range": "*",
                            "security_rule.1720334039.source_port_ranges.#": "0",
                            "security_rule.2286085285.access": "Allow",
                            "security_rule.2286085285.description": "",
                            "security_rule.2286085285.destination_address_prefix": "*",
                            "security_rule.2286085285.destination_address_prefixes.#": "0",
                            "security_rule.2286085285.destination_application_security_group_ids.#": "0",
                            "security_rule.2286085285.destination_port_range": "22",
                            "security_rule.2286085285.destination_port_ranges.#": "0",
                            "security_rule.2286085285.direction": "Inbound",
                            "security_rule.2286085285.name": "SSH",
                            "security_rule.2286085285.priority": "1001",
                            "security_rule.2286085285.protocol": "TCP",
                            "security_rule.2286085285.source_address_prefix": "*",
                            "security_rule.2286085285.source_address_prefixes.#": "0",
                            "security_rule.2286085285.source_application_security_group_ids.#": "0",
                            "security_rule.2286085285.source_port_range": "*",
                            "security_rule.2286085285.source_port_ranges.#": "0",
                            "tags.%": "0"
                        },
                        "meta": {},
                        "tainted": false
                    },
                    "deposed": [],
                    "provider": "provider.azurerm"
                },
                "azurerm_public_ip.MyFirstPubIp": {
                    "type": "azurerm_public_ip",
                    "depends_on": [],
                    "primary": {
                        "id": "/subscriptions/0dcfd83f-ac2a-4783-b92c-c297a2c879e3/resourceGroups/tp-final/providers/Microsoft.Network/publicIPAddresses/pubIp1",
                        "attributes": {
                            "allocation_method": "Dynamic",
                            "id": "/subscriptions/0dcfd83f-ac2a-4783-b92c-c297a2c879e3/resourceGroups/tp-final/providers/Microsoft.Network/publicIPAddresses/pubIp1",
                            "idle_timeout_in_minutes": "4",
                            "ip_address": "",
                            "ip_version": "IPv4",
                            "location": "francecentral",
                            "name": "pubIp1",
                            "public_ip_address_allocation": "Dynamic",
                            "resource_group_name": "tp-final",
                            "sku": "Basic",
                            "tags.%": "0",
                            "zones.#": "0"
                        },
                        "meta": {},
                        "tainted": false
                    },
                    "deposed": [],
                    "provider": "provider.azurerm"
                },
                "azurerm_public_ip.MySecondPubIp": {
                    "type": "azurerm_public_ip",
                    "depends_on": [],
                    "primary": {
                        "id": "/subscriptions/0dcfd83f-ac2a-4783-b92c-c297a2c879e3/resourceGroups/tp-final/providers/Microsoft.Network/publicIPAddresses/pubIp2",
                        "attributes": {
                            "allocation_method": "Dynamic",
                            "id": "/subscriptions/0dcfd83f-ac2a-4783-b92c-c297a2c879e3/resourceGroups/tp-final/providers/Microsoft.Network/publicIPAddresses/pubIp2",
                            "idle_timeout_in_minutes": "4",
                            "ip_address": "",
                            "ip_version": "IPv4",
                            "location": "francecentral",
                            "name": "pubIp2",
                            "public_ip_address_allocation": "Dynamic",
                            "resource_group_name": "tp-final",
                            "sku": "Basic",
                            "tags.%": "0",
                            "zones.#": "0"
                        },
                        "meta": {},
                        "tainted": false
                    },
                    "deposed": [],
                    "provider": "provider.azurerm"
                },
                "azurerm_resource_group.rg": {
                    "type": "azurerm_resource_group",
                    "depends_on": [],
                    "primary": {
                        "id": "/subscriptions/0dcfd83f-ac2a-4783-b92c-c297a2c879e3/resourceGroups/tp-final",
                        "attributes": {
                            "id": "/subscriptions/0dcfd83f-ac2a-4783-b92c-c297a2c879e3/resourceGroups/tp-final",
                            "location": "francecentral",
                            "name": "tp-final",
                            "tags.%": "1",
                            "tags.owner": "morad"
                        },
                        "meta": {},
                        "tainted": false
                    },
                    "deposed": [],
                    "provider": "provider.azurerm"
                },
                "azurerm_subnet.MyFirstSubnet": {
                    "type": "azurerm_subnet",
                    "depends_on": [],
                    "primary": {
                        "id": "/subscriptions/0dcfd83f-ac2a-4783-b92c-c297a2c879e3/resourceGroups/tp-final/providers/Microsoft.Network/virtualNetworks/PileVnet/subnets/Subnet1",
                        "attributes": {
                            "address_prefix": "10.0.2.0/24",
                            "delegation.#": "0",
                            "enforce_private_link_endpoint_network_policies": "false",
                            "enforce_private_link_service_network_policies": "false",
                            "id": "/subscriptions/0dcfd83f-ac2a-4783-b92c-c297a2c879e3/resourceGroups/tp-final/providers/Microsoft.Network/virtualNetworks/PileVnet/subnets/Subnet1",
                            "ip_configurations.#": "0",
                            "name": "Subnet1",
                            "network_security_group_id": "",
                            "resource_group_name": "tp-final",
                            "route_table_id": "",
                            "service_endpoints.#": "0",
                            "virtual_network_name": "PileVnet"
                        },
                        "meta": {},
                        "tainted": false
                    },
                    "deposed": [],
                    "provider": "provider.azurerm"
                },
                "azurerm_virtual_machine.MasterVM": {
                    "type": "azurerm_virtual_machine",
                    "depends_on": [
                        "azurerm_network_interface.MasterNIC"
                    ],
                    "primary": {
                        "id": "/subscriptions/0dcfd83f-ac2a-4783-b92c-c297a2c879e3/resourceGroups/tp-final/providers/Microsoft.Compute/virtualMachines/Master",
                        "attributes": {
                            "additional_capabilities.#": "0",
                            "delete_data_disks_on_termination": "false",
                            "delete_os_disk_on_termination": "false",
                            "id": "/subscriptions/0dcfd83f-ac2a-4783-b92c-c297a2c879e3/resourceGroups/tp-final/providers/Microsoft.Compute/virtualMachines/Master",
                            "identity.#": "0",
                            "location": "francecentral",
                            "name": "Master",
                            "network_interface_ids.#": "1",
                            "network_interface_ids.0": "/subscriptions/0dcfd83f-ac2a-4783-b92c-c297a2c879e3/resourceGroups/tp-final/providers/Microsoft.Network/networkInterfaces/NIC1",
                            "os_profile.#": "1",
                            "os_profile.2477637894.admin_password": "",
                            "os_profile.2477637894.admin_username": "morad",
                            "os_profile.2477637894.computer_name": "MasterVm",
                            "os_profile.2477637894.custom_data": "",
                            "os_profile_linux_config.#": "1",
                            "os_profile_linux_config.69840937.disable_password_authentication": "true",
                            "os_profile_linux_config.69840937.ssh_keys.#": "1",
                            "os_profile_linux_config.69840937.ssh_keys.0.key_data": "ssh-rsa AAAAB3NzaC1yc2EAAAADAQABAAABAQDGohpqAIiQO6xTwTStlF8FOlHoTS9ezANcFEjCHRAXY1ryyKgasbkx3XoXyiX3LhzBiBdVl83GDrhumbci2cybZOWY8iSS+Dls6/qhZni1u7uRfcKyv5p/JLCE8pqSMuFdUICMhgJ3dOf/GYU3bqGu97Rao6MZmcRtbcO6rqblX+Ba8dsPwlBU6YY/u6Mbd//huhmAGDD91ksKyJL4DTf5KauYXTjFuBMwEE2l7LtnNhXKuA5PALDP4J1QwJs8Tdm3uO48NtVmkIN0SPABk8xk7Fqdu4iNtvko1W2zrmOsHjXdpZvASBBrMCRldMcUFNh4x0+jnSNiBwgBF+FOhykL stage@CentOs.formation",
                            "os_profile_linux_config.69840937.ssh_keys.0.path": "/home/morad/.ssh/authorized_keys",
                            "os_profile_secrets.#": "0",
                            "os_profile_windows_config.#": "0",
                            "plan.#": "0",
                            "resource_group_name": "tp-final",
                            "storage_data_disk.#": "0",
                            "storage_image_reference.#": "1",
                            "storage_image_reference.3239344252.id": "",
                            "storage_image_reference.3239344252.offer": "CentOS",
                            "storage_image_reference.3239344252.publisher": "OpenLogic",
                            "storage_image_reference.3239344252.sku": "7.6",
                            "storage_image_reference.3239344252.version": "latest",
                            "storage_os_disk.#": "1",
                            "storage_os_disk.0.caching": "ReadWrite",
                            "storage_os_disk.0.create_option": "FromImage",
                            "storage_os_disk.0.disk_size_gb": "30",
                            "storage_os_disk.0.image_uri": "",
                            "storage_os_disk.0.managed_disk_id": "/subscriptions/0dcfd83f-ac2a-4783-b92c-c297a2c879e3/resourceGroups/TP-FINAL/providers/Microsoft.Compute/disks/masterDisk",
                            "storage_os_disk.0.managed_disk_type": "Standard_LRS",
                            "storage_os_disk.0.name": "masterDisk",
                            "storage_os_disk.0.os_type": "Linux",
                            "storage_os_disk.0.vhd_uri": "",
                            "storage_os_disk.0.write_accelerator_enabled": "false",
                            "tags.%": "0",
                            "vm_size": "Standard_B1s",
                            "zones.#": "0"
                        },
                        "meta": {},
                        "tainted": false
                    },
                    "deposed": [],
                    "provider": "provider.azurerm"
                },
                "azurerm_virtual_machine.SlaveVM": {
                    "type": "azurerm_virtual_machine",
                    "depends_on": [
                        "azurerm_network_interface.SlaveNIC"
                    ],
                    "primary": {
                        "id": "/subscriptions/0dcfd83f-ac2a-4783-b92c-c297a2c879e3/resourceGroups/tp-final/providers/Microsoft.Compute/virtualMachines/Slave",
                        "attributes": {
                            "additional_capabilities.#": "0",
                            "delete_data_disks_on_termination": "false",
                            "delete_os_disk_on_termination": "false",
                            "id": "/subscriptions/0dcfd83f-ac2a-4783-b92c-c297a2c879e3/resourceGroups/tp-final/providers/Microsoft.Compute/virtualMachines/Slave",
                            "identity.#": "0",
                            "location": "francecentral",
                            "name": "Slave",
                            "network_interface_ids.#": "1",
                            "network_interface_ids.0": "/subscriptions/0dcfd83f-ac2a-4783-b92c-c297a2c879e3/resourceGroups/tp-final/providers/Microsoft.Network/networkInterfaces/NIC2",
                            "os_profile.#": "1",
                            "os_profile.3796244795.admin_password": "",
                            "os_profile.3796244795.admin_username": "morad",
                            "os_profile.3796244795.computer_name": "SlaveVm",
                            "os_profile.3796244795.custom_data": "",
                            "os_profile_linux_config.#": "1",
                            "os_profile_linux_config.69840937.disable_password_authentication": "true",
                            "os_profile_linux_config.69840937.ssh_keys.#": "1",
                            "os_profile_linux_config.69840937.ssh_keys.0.key_data": "ssh-rsa AAAAB3NzaC1yc2EAAAADAQABAAABAQDGohpqAIiQO6xTwTStlF8FOlHoTS9ezANcFEjCHRAXY1ryyKgasbkx3XoXyiX3LhzBiBdVl83GDrhumbci2cybZOWY8iSS+Dls6/qhZni1u7uRfcKyv5p/JLCE8pqSMuFdUICMhgJ3dOf/GYU3bqGu97Rao6MZmcRtbcO6rqblX+Ba8dsPwlBU6YY/u6Mbd//huhmAGDD91ksKyJL4DTf5KauYXTjFuBMwEE2l7LtnNhXKuA5PALDP4J1QwJs8Tdm3uO48NtVmkIN0SPABk8xk7Fqdu4iNtvko1W2zrmOsHjXdpZvASBBrMCRldMcUFNh4x0+jnSNiBwgBF+FOhykL stage@CentOs.formation",
                            "os_profile_linux_config.69840937.ssh_keys.0.path": "/home/morad/.ssh/authorized_keys",
                            "os_profile_secrets.#": "0",
                            "os_profile_windows_config.#": "0",
                            "plan.#": "0",
                            "resource_group_name": "tp-final",
                            "storage_data_disk.#": "0",
                            "storage_image_reference.#": "1",
                            "storage_image_reference.3239344252.id": "",
                            "storage_image_reference.3239344252.offer": "CentOS",
                            "storage_image_reference.3239344252.publisher": "OpenLogic",
                            "storage_image_reference.3239344252.sku": "7.6",
                            "storage_image_reference.3239344252.version": "latest",
                            "storage_os_disk.#": "1",
                            "storage_os_disk.0.caching": "ReadWrite",
                            "storage_os_disk.0.create_option": "FromImage",
                            "storage_os_disk.0.disk_size_gb": "30",
                            "storage_os_disk.0.image_uri": "",
                            "storage_os_disk.0.managed_disk_id": "/subscriptions/0dcfd83f-ac2a-4783-b92c-c297a2c879e3/resourceGroups/TP-FINAL/providers/Microsoft.Compute/disks/slaveDisk",
                            "storage_os_disk.0.managed_disk_type": "Standard_LRS",
                            "storage_os_disk.0.name": "slaveDisk",
                            "storage_os_disk.0.os_type": "Linux",
                            "storage_os_disk.0.vhd_uri": "",
                            "storage_os_disk.0.write_accelerator_enabled": "false",
                            "tags.%": "0",
                            "vm_size": "Standard_B1s",
                            "zones.#": "0"
                        },
                        "meta": {},
                        "tainted": false
                    },
                    "deposed": [],
                    "provider": "provider.azurerm"
                },
                "azurerm_virtual_network.PileVnet": {
                    "type": "azurerm_virtual_network",
                    "depends_on": [],
                    "primary": {
                        "id": "/subscriptions/0dcfd83f-ac2a-4783-b92c-c297a2c879e3/resourceGroups/tp-final/providers/Microsoft.Network/virtualNetworks/PileVnet",
                        "attributes": {
                            "address_space.#": "1",
                            "address_space.0": "10.0.0.0/16",
                            "ddos_protection_plan.#": "0",
                            "dns_servers.#": "0",
                            "id": "/subscriptions/0dcfd83f-ac2a-4783-b92c-c297a2c879e3/resourceGroups/tp-final/providers/Microsoft.Network/virtualNetworks/PileVnet",
                            "location": "francecentral",
                            "name": "PileVnet",
                            "resource_group_name": "tp-final",
                            "subnet.#": "1",
                            "subnet.2355909877.address_prefix": "10.0.2.0/24",
                            "subnet.2355909877.id": "/subscriptions/0dcfd83f-ac2a-4783-b92c-c297a2c879e3/resourceGroups/tp-final/providers/Microsoft.Network/virtualNetworks/PileVnet/subnets/Subnet1",
                            "subnet.2355909877.name": "Subnet1",
                            "subnet.2355909877.security_group": "",
                            "tags.%": "0"
                        },
                        "meta": {},
                        "tainted": false
                    },
                    "deposed": [],
                    "provider": "provider.azurerm"
                }
            },
            "depends_on": []
        }
    ]
}
